
Microsoft Visual Studio Solution File, Format Version 12.00
# Visual Studio Version 16
VisualStudioVersion = 16.0.29519.87
MinimumVisualStudioVersion = 10.0.40219.1
Project("{2150E333-8FDC-42A3-9474-1A3956D46DE8}") = "Solution Items", "Solution Items", "{578F2483-CF08-409D-A316-31BCB7C5D9D0}"
	ProjectSection(SolutionItems) = preProject
		Build.ps1 = Build.ps1
		Push.ps1 = Push.ps1
		.github\workflows\ci.yml = .github\workflows\ci.yml
		.github\workflows\release.yml = .github\workflows\release.yml
		.editorconfig = .editorconfig
		icon.png = icon.png
		README.md = README.md
		version.props = version.props
	EndProjectSection
EndProject
Project("{9A19103F-16F7-4668-BE54-9A1E7A4F7556}") = "AutoMapper.Collection.EntityFrameworkCore", "src\AutoMapper.Collection.EntityFrameworkCore\AutoMapper.Collection.EntityFrameworkCore.csproj", "{1FABEDBB-1EEE-401F-A7D3-82C439BD93D4}"
EndProject
Project("{9A19103F-16F7-4668-BE54-9A1E7A4F7556}") = "AutoMapper.Collection.EntityFrameworkCore.Tests", "src\AutoMapper.Collection.EntityFrameworkCore.Tests\AutoMapper.Collection.EntityFrameworkCore.Tests.csproj", "{818AC0F5-02E4-4C47-8E03-8AFC59805EDA}"
EndProject
Global
	GlobalSection(SolutionConfigurationPlatforms) = preSolution
		Debug|Any CPU = Debug|Any CPU
		Release|Any CPU = Release|Any CPU
	EndGlobalSection
	GlobalSection(ProjectConfigurationPlatforms) = postSolution
		{1FABEDBB-1EEE-401F-A7D3-82C439BD93D4}.Debug|Any CPU.ActiveCfg = Debug|Any CPU
		{1FABEDBB-1EEE-401F-A7D3-82C439BD93D4}.Debug|Any CPU.Build.0 = Debug|Any CPU
		{1FABEDBB-1EEE-401F-A7D3-82C439BD93D4}.Release|Any CPU.ActiveCfg = Release|Any CPU
		{1FABEDBB-1EEE-401F-A7D3-82C439BD93D4}.Release|Any CPU.Build.0 = Release|Any CPU
		{818AC0F5-02E4-4C47-8E03-8AFC59805EDA}.Debug|Any CPU.ActiveCfg = Debug|Any CPU
		{818AC0F5-02E4-4C47-8E03-8AFC59805EDA}.Debug|Any CPU.Build.0 = Debug|Any CPU
		{818AC0F5-02E4-4C47-8E03-8AFC59805EDA}.Release|Any CPU.ActiveCfg = Release|Any CPU
		{818AC0F5-02E4-4C47-8E03-8AFC59805EDA}.Release|Any CPU.Build.0 = Release|Any CPU
	EndGlobalSection
	GlobalSection(SolutionProperties) = preSolution
		HideSolutionNode = FALSE
	EndGlobalSection
	GlobalSection(ExtensibilityGlobals) = postSolution
		SolutionGuid = {D5C8CD86-1F3F-4D3A-8A90-5F3726E8F998}
	EndGlobalSection
EndGlobal
